<?xml version="1.0" encoding="utf-8"?>
<Project ToolsVersion="4.0" xmlns="http://schemas.microsoft.com/developer/msbuild/2003">
  <ItemGroup>
    <Filter Include="Source Files">
      <UniqueIdentifier>{199eba6e-ca50-444e-a9ef-0a748926571b}</UniqueIdentifier>
      <Extensions>cpp;c;cxx;rc;def;r;odl;idl;hpj;bat</Extensions>
    </Filter>
    <Filter Include="Header Files">
      <UniqueIdentifier>{58d89a83-57d2-4cf8-81d0-9292673c3741}</UniqueIdentifier>
      <Extensions>h;hpp;hxx;hm;inl</Extensions>
    </Filter>
    <Filter Include="Resource Files">
      <UniqueIdentifier>{0db42461-f728-47fc-bb8e-e3b75fcf3f47}</UniqueIdentifier>
      <Extensions>ico;cur;bmp;dlg;rc2;rct;bin;rgs;gif;jpg;jpeg;jpe</Extensions>
    </Filter>
  </ItemGroup>
  <ItemGroup>
    <ClCompile Include="Add.cpp">
      <Filter>Source Files</Filter>
    </ClCompile>
    <ClCompile Include="AddObject.cpp">
      <Filter>Source Files</Filter>
    </ClCompile>
    <ClCompile Include="CreateDialog.cpp">
      <Filter>Source Files</Filter>
    </ClCompile>
    <ClCompile Include="Del.cpp">
      <Filter>Source Files</Filter>
    </ClCompile>
    <ClCompile Include="DeleObject.cpp">
      <Filter>Source Files</Filter>
    </ClCompile>
    <ClCompile Include="DisDialog.cpp">
      <Filter>Source Files</Filter>
    </ClCompile>
    <ClCompile Include="EditDialog.cpp">
      <Filter>Source Files</Filter>
    </ClCompile>
    <ClCompile Include="LinkButton.cpp">
      <Filter>Source Files</Filter>
    </ClCompile>
    <ClCompile Include="List.cpp">
      <Filter>Source Files</Filter>
    </ClCompile>
    <ClCompile Include="ListDlg.cpp">
      <Filter>Source Files</Filter>
    </ClCompile>
    <ClCompile Include="Seer.cpp">
      <Filter>Source Files</Filter>
    </ClCompile>
    <ClCompile Include="StdAfx.cpp">
      <Filter>Source Files</Filter>
    </ClCompile>
  </ItemGroup>
  <ItemGroup>
    <ResourceCompile Include="List.rc">
      <Filter>Source Files</Filter>
    </ResourceCompile>
  </ItemGroup>
  <ItemGroup>
    <ClInclude Include="Add.h">
      <Filter>Header Files</Filter>
    </ClInclude>
    <ClInclude Include="AddObject.h">
      <Filter>Header Files</Filter>
    </ClInclude>
    <ClInclude Include="CreateDialog.h">
      <Filter>Header Files</Filter>
    </ClInclude>
    <ClInclude Include="Del.h">
      <Filter>Header Files</Filter>
    </ClInclude>
    <ClInclude Include="DeleObject.h">
      <Filter>Header Files</Filter>
    </ClInclude>
    <ClInclude Include="DisDialog.h">
      <Filter>Header Files</Filter>
    </ClInclude>
    <ClInclude Include="EditDialog.h">
      <Filter>Header Files</Filter>
    </ClInclude>
    <ClInclude Include="LinkButton.h">
      <Filter>Header Files</Filter>
    </ClInclude>
    <ClInclude Include="List.h">
      <Filter>Header Files</Filter>
    </ClInclude>
    <ClInclude Include="ListDlg.h">
      <Filter>Header Files</Filter>
    </ClInclude>
    <ClInclude Include="Resource.h">
      <Filter>Header Files</Filter>
    </ClInclude>
    <ClInclude Include="Seer.h">
      <Filter>Header Files</Filter>
    </ClInclude>
    <ClInclude Include="StdAfx.h">
      <Filter>Header Files</Filter>
    </ClInclude>
  </ItemGroup>
  <ItemGroup>
    <Image Include="res\114.BMP">
      <Filter>Resource Files</Filter>
    </Image>
    <Image Include="res\115.BMP">
      <Filter>Resource Files</Filter>
    </Image>
    <Image Include="res\124.BMP">
      <Filter>Resource Files</Filter>
    </Image>
    <Image Include="res\128.BMP">
      <Filter>Resource Files</Filter>
    </Image>
    <Image Include="res\129.BMP">
      <Filter>Resource Files</Filter>
    </Image>
    <Image Include="res\ACER.ICO">
      <Filter>Resource Files</Filter>
    </Image>
    <Image Include="res\bitmap1.bmp">
      <Filter>Resource Files</Filter>
    </Image>
    <Image Include="res\bitmap4.bmp">
      <Filter>Resource Files</Filter>
    </Image>
    <Image Include="res\Book.ico">
      <Filter>Resource Files</Filter>
    </Image>
    <Image Include="res\btnClose.bmp">
      <Filter>Resource Files</Filter>
    </Image>
    <Image Include="res\close.bmp">
      <Filter>Resource Files</Filter>
    </Image>
    <Image Include="res\FIRE.ICO">
      <Filter>Resource Files</Filter>
    </Image>
    <Image Include="res\List.ico">
      <Filter>Resource Files</Filter>
    </Image>
    <Image Include="res\radio.bmp">
      <Filter>Resource Files</Filter>
    </Image>
    <Image Include="res\日他有.bmp">
      <Filter>Resource Files</Filter>
    </Image>
  </ItemGroup>
  <ItemGroup>
    <Text Include="ReadMe.txt" />
  </ItemGroup>
  <ItemGroup>
    <CustomBuild Include="arrow.cur">
      <Filter>Resource Files</Filter>
    </CustomBuild>
    <CustomBuild Include="arrowcop.cur">
      <Filter>Resource Files</Filter>
    </CustomBuild>
    <CustomBuild Include="res\cursor1.cur">
      <Filter>Resource Files</Filter>
    </CustomBuild>
    <CustomBuild Include="res\cursor2.cur">
      <Filter>Resource Files</Filter>
    </CustomBuild>
    <CustomBuild Include="res\List.rc2">
      <Filter>Resource Files</Filter>
    </CustomBuild>
  </ItemGroup>
</Project>